
Microsoft Visual Studio Solution File, Format Version 12.00
# Visual Studio 15
VisualStudioVersion = 15.0.28307.572
MinimumVisualStudioVersion = 10.0.40219.1
Project("{FAE04EC0-301F-11D3-BF4B-00C04F79EFBC}") = "Final_Project", "Final_Project\Final_Project.csproj", "{EB7AA1CA-466E-475F-AD84-96E00B49E230}"
EndProject
Global
	GlobalSection(SolutionConfigurationPlatforms) = preSolution
		Debug|Any CPU = Debug|Any CPU
		Release|Any CPU = Release|Any CPU
	EndGlobalSection
	GlobalSection(ProjectConfigurationPlatforms) = postSolution
		{EB7AA1CA-466E-475F-AD84-96E00B49E230}.Debug|Any CPU.ActiveCfg = Debug|Any CPU
		{EB7AA1CA-466E-475F-AD84-96E00B49E230}.Debug|Any CPU.Build.0 = Debug|Any CPU
		{EB7AA1CA-466E-475F-AD84-96E00B49E230}.Release|Any CPU.ActiveCfg = Release|Any CPU
		{EB7AA1CA-466E-475F-AD84-96E00B49E230}.Release|Any CPU.Build.0 = Release|Any CPU
	EndGlobalSection
	GlobalSection(SolutionProperties) = preSolution
		HideSolutionNode = FALSE
	EndGlobalSection
	GlobalSection(ExtensibilityGlobals) = postSolution
		SolutionGuid = {6D367780-25E3-41A3-9F04-CFDBD349F2EF}
	EndGlobalSection
EndGlobal
